%{"bunt": {:hex, :bunt, "0.2.0", "951c6e801e8b1d2cbe58ebbd3e616a869061ddadcc4863d0a2182541acae9a38", [:mix], []},
  "certifi": {:hex, :certifi, "1.2.1", "c3904f192bd5284e5b13f20db3ceac9626e14eeacfbb492e19583cf0e37b22be", [:rebar3], []},
  "combine": {:hex, :combine, "0.9.6", "8d1034a127d4cbf6924c8a5010d3534d958085575fa4d9b878f200d79ac78335", [:mix], []},
  "connection": {:hex, :connection, "1.0.4", "a1cae72211f0eef17705aaededacac3eb30e6625b04a6117c1b2db6ace7d5976", [:mix], [], "hexpm"},
  "cowboy": {:hex, :cowboy, "1.0.4", "a324a8df9f2316c833a470d918aaf73ae894278b8aa6226ce7a9bf699388f878", [:rebar, :make], [{:cowlib, "~> 1.0.0", [hex: :cowlib, optional: false]}, {:ranch, "~> 1.0", [hex: :ranch, optional: false]}]},
  "cowlib": {:hex, :cowlib, "1.0.2", "9d769a1d062c9c3ac753096f868ca121e2730b9a377de23dec0f7e08b1df84ee", [:make], []},
  "credo": {:hex, :credo, "0.8.1", "137efcc99b4bc507c958ba9b5dff70149e971250813cbe7d4537ec7e36997402", [:mix], [{:bunt, "~> 0.2.0", [hex: :bunt, optional: false]}]},
  "db_connection": {:hex, :db_connection, "1.1.2", "2865c2a4bae0714e2213a0ce60a1b12d76a6efba0c51fbda59c9ab8d1accc7a8", [:mix], [{:connection, "~> 1.0.2", [hex: :connection, repo: "hexpm", optional: false]}, {:poolboy, "~> 1.5", [hex: :poolboy, repo: "hexpm", optional: true]}, {:sbroker, "~> 1.0", [hex: :sbroker, repo: "hexpm", optional: true]}], "hexpm"},
  "decimal": {:hex, :decimal, "1.4.1", "ad9e501edf7322f122f7fc151cce7c2a0c9ada96f2b0155b8a09a795c2029770", [:mix], [], "hexpm"},
  "dogma": {:hex, :dogma, "0.1.15", "5bceba9054b2b97a4adcb2ab4948ca9245e5258b883946e82d32f785340fd411", [:mix], [{:poison, ">= 2.0.0", [hex: :poison, optional: false]}]},
  "ecto": {:hex, :ecto, "2.2.6", "3fd1067661d6d64851a0d4db9acd9e884c00d2d1aa41cc09da687226cf894661", [:mix], [{:db_connection, "~> 1.1", [hex: :db_connection, repo: "hexpm", optional: true]}, {:decimal, "~> 1.2", [hex: :decimal, repo: "hexpm", optional: false]}, {:mariaex, "~> 0.8.0", [hex: :mariaex, repo: "hexpm", optional: true]}, {:poison, "~> 2.2 or ~> 3.0", [hex: :poison, repo: "hexpm", optional: true]}, {:poolboy, "~> 1.5", [hex: :poolboy, repo: "hexpm", optional: false]}, {:postgrex, "~> 0.13.0", [hex: :postgrex, repo: "hexpm", optional: true]}, {:sbroker, "~> 1.0", [hex: :sbroker, repo: "hexpm", optional: true]}], "hexpm"},
  "gettext": {:hex, :gettext, "0.13.1", "5e0daf4e7636d771c4c71ad5f3f53ba09a9ae5c250e1ab9c42ba9edccc476263", [:mix], []},
  "hackney": {:hex, :hackney, "1.8.6", "21a725db3569b3fb11a6af17d5c5f654052ce9624219f1317e8639183de4a423", [:rebar3], [{:certifi, "1.2.1", [hex: :certifi, optional: false]}, {:idna, "5.0.2", [hex: :idna, optional: false]}, {:metrics, "1.0.1", [hex: :metrics, optional: false]}, {:mimerl, "1.0.2", [hex: :mimerl, optional: false]}, {:ssl_verify_fun, "1.1.1", [hex: :ssl_verify_fun, optional: false]}]},
  "httpoison": {:hex, :httpoison, "0.12.0", "8fc3d791c5afe6beb0093680c667dd4ce712a49d89c38c3fe1a43100dd76cf90", [:mix], [{:hackney, "~> 1.8.0", [hex: :hackney, optional: false]}]},
  "idna": {:hex, :idna, "5.0.2", "ac203208ada855d95dc591a764b6e87259cb0e2a364218f215ad662daa8cd6b4", [:rebar3], [{:unicode_util_compat, "0.2.0", [hex: :unicode_util_compat, optional: false]}]},
  "metrics": {:hex, :metrics, "1.0.1", "25f094dea2cda98213cecc3aeff09e940299d950904393b2a29d191c346a8486", [:rebar3], []},
  "mimerl": {:hex, :mimerl, "1.0.2", "993f9b0e084083405ed8252b99460c4f0563e41729ab42d9074fd5e52439be88", [:rebar3], []},
  "plug": {:hex, :plug, "1.1.6", "8927e4028433fcb859e000b9389ee9c37c80eb28378eeeea31b0273350bf668b", [:mix], [{:cowboy, "~> 1.0", [hex: :cowboy, optional: true]}]},
  "poison": {:hex, :poison, "2.2.0", "4763b69a8a77bd77d26f477d196428b741261a761257ff1cf92753a0d4d24a63", [:mix], []},
  "poolboy": {:hex, :poolboy, "1.5.1", "6b46163901cfd0a1b43d692657ed9d7e599853b3b21b95ae5ae0a777cf9b6ca8", [:rebar], []},
  "postgrex": {:hex, :postgrex, "0.13.3", "c277cfb2a9c5034d445a722494c13359e361d344ef6f25d604c2353185682bfc", [:mix], [{:connection, "~> 1.0", [hex: :connection, repo: "hexpm", optional: false]}, {:db_connection, "~> 1.1", [hex: :db_connection, repo: "hexpm", optional: false]}, {:decimal, "~> 1.0", [hex: :decimal, repo: "hexpm", optional: false]}], "hexpm"},
  "ranch": {:hex, :ranch, "1.2.1", "a6fb992c10f2187b46ffd17ce398ddf8a54f691b81768f9ef5f461ea7e28c762", [:make], []},
  "ssl_verify_fun": {:hex, :ssl_verify_fun, "1.1.1", "28a4d65b7f59893bc2c7de786dec1e1555bd742d336043fe644ae956c3497fbe", [:make, :rebar], []},
  "timex": {:hex, :timex, "3.1.17", "d830b2c82589c2a0b51e63185551965e73b4d9e9dda5804c7ffb8a1212e460a9", [:mix], [{:combine, "~> 0.7", [hex: :combine, optional: false]}, {:gettext, "~> 0.10", [hex: :gettext, optional: false]}, {:tzdata, "~> 0.1.8 or ~> 0.5", [hex: :tzdata, optional: false]}]},
  "tzdata": {:hex, :tzdata, "0.5.12", "1c17b68692c6ba5b6ab15db3d64cc8baa0f182043d5ae9d4b6d35d70af76f67b", [:mix], [{:hackney, "~> 1.0", [hex: :hackney, optional: false]}]},
  "unicode_util_compat": {:hex, :unicode_util_compat, "0.2.0", "dbbccf6781821b1c0701845eaf966c9b6d83d7c3bfc65ca2b78b88b8678bfa35", [:rebar3], []}}
